
Microsoft Visual Studio Solution File, Format Version 12.00
# Visual Studio Version 16
VisualStudioVersion = 16.0.31105.61
MinimumVisualStudioVersion = 10.0.40219.1
Project("{FAE04EC0-301F-11D3-BF4B-00C04F79EFBC}") = "Lab5MVC", "Lab5MVC\Lab5MVC.csproj", "{0E08D89A-5792-42AF-9AA5-79710C3FED4E}"
EndProject
Global
	GlobalSection(SolutionConfigurationPlatforms) = preSolution
		Debug|Any CPU = Debug|Any CPU
		Release|Any CPU = Release|Any CPU
	EndGlobalSection
	GlobalSection(ProjectConfigurationPlatforms) = postSolution
		{0E08D89A-5792-42AF-9AA5-79710C3FED4E}.Debug|Any CPU.ActiveCfg = Debug|Any CPU
		{0E08D89A-5792-42AF-9AA5-79710C3FED4E}.Debug|Any CPU.Build.0 = Debug|Any CPU
		{0E08D89A-5792-42AF-9AA5-79710C3FED4E}.Release|Any CPU.ActiveCfg = Release|Any CPU
		{0E08D89A-5792-42AF-9AA5-79710C3FED4E}.Release|Any CPU.Build.0 = Release|Any CPU
	EndGlobalSection
	GlobalSection(SolutionProperties) = preSolution
		HideSolutionNode = FALSE
	EndGlobalSection
	GlobalSection(ExtensibilityGlobals) = postSolution
		SolutionGuid = {FD2C7F19-1001-4C5E-A876-F0EB58CFA4BA}
	EndGlobalSection
EndGlobal
